{
    "requires": true,
    "lockfileVersion": 1,
    "dependencies": {
        "laravel-file-uploader": {
            "version": "2.1.1",
            "resolved": "https://registry.npmjs.org/laravel-file-uploader/-/laravel-file-uploader-2.1.1.tgz",
            "integrity": "sha512-ML3CkRZLIas/bFU3Nrtol7xVCOFiWySqpONyp1t3x/ASiSAHyI4VZ0fh/v2toAN83Fsa+NOJXtb24pqID7SkrA==",
            "dev": true
        }
    }
}
